// !$*UTF8*$!
{
	archiveVersion = 1;
	classes = {
	};
	objectVersion = 56;
	objects = {

/* Begin PBXBuildFile section */
		28D54AB3A360D44183E48145 /* Pods_MovieList_MovieListUITests.framework in Frameworks */ = {isa = PBXBuildFile; fileRef = FEE8A84BFB89C138226DFB84 /* Pods_MovieList_MovieListUITests.framework */; };
		BD7801FD56B076A5A3F8B1E1 /* Pods_MovieListTests.framework in Frameworks */ = {isa = PBXBuildFile; fileRef = 342FA3D369EBA7A59DF5EFD8 /* Pods_MovieListTests.framework */; };
		CBD47A5B2BAB6B1500F2D4F8 /* AppDelegate.swift in Sources */ = {isa = PBXBuildFile; fileRef = CBD47A5A2BAB6B1500F2D4F8 /* AppDelegate.swift */; };
		CBD47A5D2BAB6B1500F2D4F8 /* SceneDelegate.swift in Sources */ = {isa = PBXBuildFile; fileRef = CBD47A5C2BAB6B1500F2D4F8 /* SceneDelegate.swift */; };
		CBD47A5F2BAB6B1500F2D4F8 /* ViewController.swift in Sources */ = {isa = PBXBuildFile; fileRef = CBD47A5E2BAB6B1500F2D4F8 /* ViewController.swift */; };
		CBD47A622BAB6B1500F2D4F8 /* Base in Resources */ = {isa = PBXBuildFile; fileRef = CBD47A612BAB6B1500F2D4F8 /* Base */; };
		CBD47A642BAB6B1600F2D4F8 /* Assets.xcassets in Resources */ = {isa = PBXBuildFile; fileRef = CBD47A632BAB6B1600F2D4F8 /* Assets.xcassets */; };
		CBD47A672BAB6B1600F2D4F8 /* Base in Resources */ = {isa = PBXBuildFile; fileRef = CBD47A662BAB6B1600F2D4F8 /* Base */; };
		CBD47A722BAB6B1700F2D4F8 /* MovieListTests.swift in Sources */ = {isa = PBXBuildFile; fileRef = CBD47A712BAB6B1700F2D4F8 /* MovieListTests.swift */; };
		CBD47A7C2BAB6B1700F2D4F8 /* MovieListUITests.swift in Sources */ = {isa = PBXBuildFile; fileRef = CBD47A7B2BAB6B1700F2D4F8 /* MovieListUITests.swift */; };
		CBD47A7E2BAB6B1700F2D4F8 /* MovieListUITestsLaunchTests.swift in Sources */ = {isa = PBXBuildFile; fileRef = CBD47A7D2BAB6B1700F2D4F8 /* MovieListUITestsLaunchTests.swift */; };
		CBDF79D12BAC19B700EC55A8 /* HomeMenuView.xib in Resources */ = {isa = PBXBuildFile; fileRef = CBDF79CF2BAC19B700EC55A8 /* HomeMenuView.xib */; };
		CBDF79D22BAC19B700EC55A8 /* HomeMenuPresenter.swift in Sources */ = {isa = PBXBuildFile; fileRef = CBDF79CA2BAC19B700EC55A8 /* HomeMenuPresenter.swift */; };
		CBDF79D32BAC19B700EC55A8 /* HomeMenuRouter.swift in Sources */ = {isa = PBXBuildFile; fileRef = CBDF79CB2BAC19B700EC55A8 /* HomeMenuRouter.swift */; };
		CBDF79D42BAC19B700EC55A8 /* HomeMenuInteractor.swift in Sources */ = {isa = PBXBuildFile; fileRef = CBDF79CC2BAC19B700EC55A8 /* HomeMenuInteractor.swift */; };
		CBDF79D52BAC19B700EC55A8 /* HomeMenuView.swift in Sources */ = {isa = PBXBuildFile; fileRef = CBDF79CD2BAC19B700EC55A8 /* HomeMenuView.swift */; };
		CBDF79D72BAC19B700EC55A8 /* HomeMenuEntity.swift in Sources */ = {isa = PBXBuildFile; fileRef = CBDF79D02BAC19B700EC55A8 /* HomeMenuEntity.swift */; };
		CBDF79DA2BAC1BB700EC55A8 /* BaseViewController.swift in Sources */ = {isa = PBXBuildFile; fileRef = CBDF79D92BAC1BB700EC55A8 /* BaseViewController.swift */; };
		CBDF79DE2BAC1C3000EC55A8 /* GeneralAlert.swift in Sources */ = {isa = PBXBuildFile; fileRef = CBDF79DD2BAC1C3000EC55A8 /* GeneralAlert.swift */; };
		CBDF79E52BAC3F8300EC55A8 /* ExtString.swift in Sources */ = {isa = PBXBuildFile; fileRef = CBDF79E42BAC3F8300EC55A8 /* ExtString.swift */; };
		CBDF79EE2BAC96D900EC55A8 /* TitleBar.xib in Resources */ = {isa = PBXBuildFile; fileRef = CBDF79ED2BAC96D900EC55A8 /* TitleBar.xib */; };
		CBDF79EF2BAC96D900EC55A8 /* TitleBar.swift in Sources */ = {isa = PBXBuildFile; fileRef = CBDF79EC2BAC96D900EC55A8 /* TitleBar.swift */; };
		CBDF79F32BAC977F00EC55A8 /* NavigationBar.xib in Resources */ = {isa = PBXBuildFile; fileRef = CBDF79F22BAC977F00EC55A8 /* NavigationBar.xib */; };
		CBDF79F42BAC977F00EC55A8 /* NavigationBar.swift in Sources */ = {isa = PBXBuildFile; fileRef = CBDF79F12BAC977F00EC55A8 /* NavigationBar.swift */; };
		DAED0E37DD70D0C81878ED4B /* Pods_MovieList.framework in Frameworks */ = {isa = PBXBuildFile; fileRef = 10B5617E1D956A1E4A2BAE40 /* Pods_MovieList.framework */; };
/* End PBXBuildFile section */

/* Begin PBXContainerItemProxy section */
		CBD47A6E2BAB6B1700F2D4F8 /* PBXContainerItemProxy */ = {
			isa = PBXContainerItemProxy;
			containerPortal = CBD47A4F2BAB6B1500F2D4F8 /* Project object */;
			proxyType = 1;
			remoteGlobalIDString = CBD47A562BAB6B1500F2D4F8;
			remoteInfo = MovieList;
		};
		CBD47A782BAB6B1700F2D4F8 /* PBXContainerItemProxy */ = {
			isa = PBXContainerItemProxy;
			containerPortal = CBD47A4F2BAB6B1500F2D4F8 /* Project object */;
			proxyType = 1;
			remoteGlobalIDString = CBD47A562BAB6B1500F2D4F8;
			remoteInfo = MovieList;
		};
/* End PBXContainerItemProxy section */

/* Begin PBXFileReference section */
		00C2A45AD6C4DD094B8E2CB5 /* Pods-MovieListTests.release.xcconfig */ = {isa = PBXFileReference; includeInIndex = 1; lastKnownFileType = text.xcconfig; name = "Pods-MovieListTests.release.xcconfig"; path = "Target Support Files/Pods-MovieListTests/Pods-MovieListTests.release.xcconfig"; sourceTree = "<group>"; };
		10B5617E1D956A1E4A2BAE40 /* Pods_MovieList.framework */ = {isa = PBXFileReference; explicitFileType = wrapper.framework; includeInIndex = 0; path = Pods_MovieList.framework; sourceTree = BUILT_PRODUCTS_DIR; };
		2907324DF2D1D5932913C45D /* Pods-MovieList-MovieListUITests.debug.xcconfig */ = {isa = PBXFileReference; includeInIndex = 1; lastKnownFileType = text.xcconfig; name = "Pods-MovieList-MovieListUITests.debug.xcconfig"; path = "Target Support Files/Pods-MovieList-MovieListUITests/Pods-MovieList-MovieListUITests.debug.xcconfig"; sourceTree = "<group>"; };
		342FA3D369EBA7A59DF5EFD8 /* Pods_MovieListTests.framework */ = {isa = PBXFileReference; explicitFileType = wrapper.framework; includeInIndex = 0; path = Pods_MovieListTests.framework; sourceTree = BUILT_PRODUCTS_DIR; };
		73FCE861FF465E1472026E50 /* Pods-MovieList-MovieListUITests.release.xcconfig */ = {isa = PBXFileReference; includeInIndex = 1; lastKnownFileType = text.xcconfig; name = "Pods-MovieList-MovieListUITests.release.xcconfig"; path = "Target Support Files/Pods-MovieList-MovieListUITests/Pods-MovieList-MovieListUITests.release.xcconfig"; sourceTree = "<group>"; };
		840BC8AA387BD0730DB8A4A6 /* Pods-MovieList.release.xcconfig */ = {isa = PBXFileReference; includeInIndex = 1; lastKnownFileType = text.xcconfig; name = "Pods-MovieList.release.xcconfig"; path = "Target Support Files/Pods-MovieList/Pods-MovieList.release.xcconfig"; sourceTree = "<group>"; };
		B8908F21559F209A2DA51CB7 /* Pods-MovieList.debug.xcconfig */ = {isa = PBXFileReference; includeInIndex = 1; lastKnownFileType = text.xcconfig; name = "Pods-MovieList.debug.xcconfig"; path = "Target Support Files/Pods-MovieList/Pods-MovieList.debug.xcconfig"; sourceTree = "<group>"; };
		BFB91E155B09CC713EB34B49 /* Pods-MovieListTests.debug.xcconfig */ = {isa = PBXFileReference; includeInIndex = 1; lastKnownFileType = text.xcconfig; name = "Pods-MovieListTests.debug.xcconfig"; path = "Target Support Files/Pods-MovieListTests/Pods-MovieListTests.debug.xcconfig"; sourceTree = "<group>"; };
		CBD47A572BAB6B1500F2D4F8 /* MovieList.app */ = {isa = PBXFileReference; explicitFileType = wrapper.application; includeInIndex = 0; path = MovieList.app; sourceTree = BUILT_PRODUCTS_DIR; };
		CBD47A5A2BAB6B1500F2D4F8 /* AppDelegate.swift */ = {isa = PBXFileReference; lastKnownFileType = sourcecode.swift; path = AppDelegate.swift; sourceTree = "<group>"; };
		CBD47A5C2BAB6B1500F2D4F8 /* SceneDelegate.swift */ = {isa = PBXFileReference; lastKnownFileType = sourcecode.swift; path = SceneDelegate.swift; sourceTree = "<group>"; };
		CBD47A5E2BAB6B1500F2D4F8 /* ViewController.swift */ = {isa = PBXFileReference; lastKnownFileType = sourcecode.swift; path = ViewController.swift; sourceTree = "<group>"; };
		CBD47A612BAB6B1500F2D4F8 /* Base */ = {isa = PBXFileReference; lastKnownFileType = file.storyboard; name = Base; path = Base.lproj/Main.storyboard; sourceTree = "<group>"; };
		CBD47A632BAB6B1600F2D4F8 /* Assets.xcassets */ = {isa = PBXFileReference; lastKnownFileType = folder.assetcatalog; path = Assets.xcassets; sourceTree = "<group>"; };
		CBD47A662BAB6B1600F2D4F8 /* Base */ = {isa = PBXFileReference; lastKnownFileType = file.storyboard; name = Base; path = Base.lproj/LaunchScreen.storyboard; sourceTree = "<group>"; };
		CBD47A682BAB6B1600F2D4F8 /* Info.plist */ = {isa = PBXFileReference; lastKnownFileType = text.plist.xml; path = Info.plist; sourceTree = "<group>"; };
		CBD47A6D2BAB6B1700F2D4F8 /* MovieListTests.xctest */ = {isa = PBXFileReference; explicitFileType = wrapper.cfbundle; includeInIndex = 0; path = MovieListTests.xctest; sourceTree = BUILT_PRODUCTS_DIR; };
		CBD47A712BAB6B1700F2D4F8 /* MovieListTests.swift */ = {isa = PBXFileReference; lastKnownFileType = sourcecode.swift; path = MovieListTests.swift; sourceTree = "<group>"; };
		CBD47A772BAB6B1700F2D4F8 /* MovieListUITests.xctest */ = {isa = PBXFileReference; explicitFileType = wrapper.cfbundle; includeInIndex = 0; path = MovieListUITests.xctest; sourceTree = BUILT_PRODUCTS_DIR; };
		CBD47A7B2BAB6B1700F2D4F8 /* MovieListUITests.swift */ = {isa = PBXFileReference; lastKnownFileType = sourcecode.swift; path = MovieListUITests.swift; sourceTree = "<group>"; };
		CBD47A7D2BAB6B1700F2D4F8 /* MovieListUITestsLaunchTests.swift */ = {isa = PBXFileReference; lastKnownFileType = sourcecode.swift; path = MovieListUITestsLaunchTests.swift; sourceTree = "<group>"; };
		CBDF79CA2BAC19B700EC55A8 /* HomeMenuPresenter.swift */ = {isa = PBXFileReference; lastKnownFileType = sourcecode.swift; path = HomeMenuPresenter.swift; sourceTree = "<group>"; };
		CBDF79CB2BAC19B700EC55A8 /* HomeMenuRouter.swift */ = {isa = PBXFileReference; lastKnownFileType = sourcecode.swift; path = HomeMenuRouter.swift; sourceTree = "<group>"; };
		CBDF79CC2BAC19B700EC55A8 /* HomeMenuInteractor.swift */ = {isa = PBXFileReference; lastKnownFileType = sourcecode.swift; path = HomeMenuInteractor.swift; sourceTree = "<group>"; };
		CBDF79CD2BAC19B700EC55A8 /* HomeMenuView.swift */ = {isa = PBXFileReference; lastKnownFileType = sourcecode.swift; path = HomeMenuView.swift; sourceTree = "<group>"; };
		CBDF79CF2BAC19B700EC55A8 /* HomeMenuView.xib */ = {isa = PBXFileReference; lastKnownFileType = file.xib; path = HomeMenuView.xib; sourceTree = "<group>"; };
		CBDF79D02BAC19B700EC55A8 /* HomeMenuEntity.swift */ = {isa = PBXFileReference; lastKnownFileType = sourcecode.swift; path = HomeMenuEntity.swift; sourceTree = "<group>"; };
		CBDF79D92BAC1BB700EC55A8 /* BaseViewController.swift */ = {isa = PBXFileReference; lastKnownFileType = sourcecode.swift; path = BaseViewController.swift; sourceTree = "<group>"; };
		CBDF79DD2BAC1C3000EC55A8 /* GeneralAlert.swift */ = {isa = PBXFileReference; lastKnownFileType = sourcecode.swift; path = GeneralAlert.swift; sourceTree = "<group>"; };
		CBDF79E42BAC3F8300EC55A8 /* ExtString.swift */ = {isa = PBXFileReference; lastKnownFileType = sourcecode.swift; path = ExtString.swift; sourceTree = "<group>"; };
		CBDF79EC2BAC96D900EC55A8 /* TitleBar.swift */ = {isa = PBXFileReference; lastKnownFileType = sourcecode.swift; path = TitleBar.swift; sourceTree = "<group>"; };
		CBDF79ED2BAC96D900EC55A8 /* TitleBar.xib */ = {isa = PBXFileReference; lastKnownFileType = file.xib; path = TitleBar.xib; sourceTree = "<group>"; };
		CBDF79F12BAC977F00EC55A8 /* NavigationBar.swift */ = {isa = PBXFileReference; lastKnownFileType = sourcecode.swift; path = NavigationBar.swift; sourceTree = "<group>"; };
		CBDF79F22BAC977F00EC55A8 /* NavigationBar.xib */ = {isa = PBXFileReference; lastKnownFileType = file.xib; path = NavigationBar.xib; sourceTree = "<group>"; };
		FEE8A84BFB89C138226DFB84 /* Pods_MovieList_MovieListUITests.framework */ = {isa = PBXFileReference; explicitFileType = wrapper.framework; includeInIndex = 0; path = Pods_MovieList_MovieListUITests.framework; sourceTree = BUILT_PRODUCTS_DIR; };
/* End PBXFileReference section */

/* Begin PBXFrameworksBuildPhase section */
		CBD47A542BAB6B1500F2D4F8 /* Frameworks */ = {
			isa = PBXFrameworksBuildPhase;
			buildActionMask = 2147483647;
			files = (
				DAED0E37DD70D0C81878ED4B /* Pods_MovieList.framework in Frameworks */,
			);
			runOnlyForDeploymentPostprocessing = 0;
		};
		CBD47A6A2BAB6B1700F2D4F8 /* Frameworks */ = {
			isa = PBXFrameworksBuildPhase;
			buildActionMask = 2147483647;
			files = (
				BD7801FD56B076A5A3F8B1E1 /* Pods_MovieListTests.framework in Frameworks */,
			);
			runOnlyForDeploymentPostprocessing = 0;
		};
		CBD47A742BAB6B1700F2D4F8 /* Frameworks */ = {
			isa = PBXFrameworksBuildPhase;
			buildActionMask = 2147483647;
			files = (
				28D54AB3A360D44183E48145 /* Pods_MovieList_MovieListUITests.framework in Frameworks */,
			);
			runOnlyForDeploymentPostprocessing = 0;
		};
/* End PBXFrameworksBuildPhase section */

/* Begin PBXGroup section */
		19F8AC8F0A62A6AC6EA9011F /* Frameworks */ = {
			isa = PBXGroup;
			children = (
				10B5617E1D956A1E4A2BAE40 /* Pods_MovieList.framework */,
				FEE8A84BFB89C138226DFB84 /* Pods_MovieList_MovieListUITests.framework */,
				342FA3D369EBA7A59DF5EFD8 /* Pods_MovieListTests.framework */,
			);
			name = Frameworks;
			sourceTree = "<group>";
		};
		7C10E6F803716C658CBEAA2A /* Pods */ = {
			isa = PBXGroup;
			children = (
				B8908F21559F209A2DA51CB7 /* Pods-MovieList.debug.xcconfig */,
				840BC8AA387BD0730DB8A4A6 /* Pods-MovieList.release.xcconfig */,
				2907324DF2D1D5932913C45D /* Pods-MovieList-MovieListUITests.debug.xcconfig */,
				73FCE861FF465E1472026E50 /* Pods-MovieList-MovieListUITests.release.xcconfig */,
				BFB91E155B09CC713EB34B49 /* Pods-MovieListTests.debug.xcconfig */,
				00C2A45AD6C4DD094B8E2CB5 /* Pods-MovieListTests.release.xcconfig */,
			);
			path = Pods;
			sourceTree = "<group>";
		};
		CBD47A4E2BAB6B1500F2D4F8 = {
			isa = PBXGroup;
			children = (
				CBD47A592BAB6B1500F2D4F8 /* MovieList */,
				CBD47A702BAB6B1700F2D4F8 /* MovieListTests */,
				CBD47A7A2BAB6B1700F2D4F8 /* MovieListUITests */,
				CBD47A582BAB6B1500F2D4F8 /* Products */,
				7C10E6F803716C658CBEAA2A /* Pods */,
				19F8AC8F0A62A6AC6EA9011F /* Frameworks */,
			);
			sourceTree = "<group>";
		};
		CBD47A582BAB6B1500F2D4F8 /* Products */ = {
			isa = PBXGroup;
			children = (
				CBD47A572BAB6B1500F2D4F8 /* MovieList.app */,
				CBD47A6D2BAB6B1700F2D4F8 /* MovieListTests.xctest */,
				CBD47A772BAB6B1700F2D4F8 /* MovieListUITests.xctest */,
			);
			name = Products;
			sourceTree = "<group>";
		};
		CBD47A592BAB6B1500F2D4F8 /* MovieList */ = {
			isa = PBXGroup;
			children = (
				CBD47A8A2BAB6B2100F2D4F8 /* Assets */,
				CBDF79DB2BAC1C0D00EC55A8 /* Common */,
				CBD47A8D2BAB6B4A00F2D4F8 /* Component */,
				CBDF79F82BAD777B00EC55A8 /* Config */,
				CBD47A8E2BAB6B5B00F2D4F8 /* Extension */,
				CBD47A8C2BAB6B3F00F2D4F8 /* Module */,
				CBDF79E12BAC3E7000EC55A8 /* Resources */,
				CBD47A8B2BAB6B2C00F2D4F8 /* SupportingFile */,
			);
			path = MovieList;
			sourceTree = "<group>";
		};
		CBD47A702BAB6B1700F2D4F8 /* MovieListTests */ = {
			isa = PBXGroup;
			children = (
				CBD47A712BAB6B1700F2D4F8 /* MovieListTests.swift */,
			);
			path = MovieListTests;
			sourceTree = "<group>";
		};
		CBD47A7A2BAB6B1700F2D4F8 /* MovieListUITests */ = {
			isa = PBXGroup;
			children = (
				CBD47A7B2BAB6B1700F2D4F8 /* MovieListUITests.swift */,
				CBD47A7D2BAB6B1700F2D4F8 /* MovieListUITestsLaunchTests.swift */,
			);
			path = MovieListUITests;
			sourceTree = "<group>";
		};
		CBD47A8A2BAB6B2100F2D4F8 /* Assets */ = {
			isa = PBXGroup;
			children = (
				CBD47A632BAB6B1600F2D4F8 /* Assets.xcassets */,
				CBD47A682BAB6B1600F2D4F8 /* Info.plist */,
			);
			path = Assets;
			sourceTree = "<group>";
		};
		CBD47A8B2BAB6B2C00F2D4F8 /* SupportingFile */ = {
			isa = PBXGroup;
			children = (
				CBD47A5A2BAB6B1500F2D4F8 /* AppDelegate.swift */,
				CBD47A5C2BAB6B1500F2D4F8 /* SceneDelegate.swift */,
				CBD47A5E2BAB6B1500F2D4F8 /* ViewController.swift */,
				CBD47A602BAB6B1500F2D4F8 /* Main.storyboard */,
				CBD47A652BAB6B1600F2D4F8 /* LaunchScreen.storyboard */,
			);
			path = SupportingFile;
			sourceTree = "<group>";
		};
		CBD47A8C2BAB6B3F00F2D4F8 /* Module */ = {
			isa = PBXGroup;
			children = (
				CBDF79C92BAC19A400EC55A8 /* Home */,
			);
			path = Module;
			sourceTree = "<group>";
		};
		CBD47A8D2BAB6B4A00F2D4F8 /* Component */ = {
			isa = PBXGroup;
			children = (
				CBDF79E62BAC951C00EC55A8 /* TopBar */,
				CBDF79DF2BAC1D4700EC55A8 /* CVC */,
				CBDF79E02BAC1D4D00EC55A8 /* TVC */,
			);
			path = Component;
			sourceTree = "<group>";
		};
		CBD47A8E2BAB6B5B00F2D4F8 /* Extension */ = {
			isa = PBXGroup;
			children = (
				CBDF79E42BAC3F8300EC55A8 /* ExtString.swift */,
			);
			path = Extension;
			sourceTree = "<group>";
		};
		CBDF79C92BAC19A400EC55A8 /* Home */ = {
			isa = PBXGroup;
			children = (
				CBDF79CF2BAC19B700EC55A8 /* HomeMenuView.xib */,
				CBDF79CD2BAC19B700EC55A8 /* HomeMenuView.swift */,
				CBDF79CA2BAC19B700EC55A8 /* HomeMenuPresenter.swift */,
				CBDF79CC2BAC19B700EC55A8 /* HomeMenuInteractor.swift */,
				CBDF79D02BAC19B700EC55A8 /* HomeMenuEntity.swift */,
				CBDF79CB2BAC19B700EC55A8 /* HomeMenuRouter.swift */,
			);
			path = Home;
			sourceTree = "<group>";
		};
		CBDF79D82BAC1BAA00EC55A8 /* Base */ = {
			isa = PBXGroup;
			children = (
				CBDF79D92BAC1BB700EC55A8 /* BaseViewController.swift */,
			);
			path = Base;
			sourceTree = "<group>";
		};
		CBDF79DB2BAC1C0D00EC55A8 /* Common */ = {
			isa = PBXGroup;
			children = (
				CBDF79D82BAC1BAA00EC55A8 /* Base */,
				CBDF79DC2BAC1C1C00EC55A8 /* Alert */,
			);
			path = Common;
			sourceTree = "<group>";
		};
		CBDF79DC2BAC1C1C00EC55A8 /* Alert */ = {
			isa = PBXGroup;
			children = (
				CBDF79DD2BAC1C3000EC55A8 /* GeneralAlert.swift */,
			);
			path = Alert;
			sourceTree = "<group>";
		};
		CBDF79DF2BAC1D4700EC55A8 /* CVC */ = {
			isa = PBXGroup;
			children = (
			);
			path = CVC;
			sourceTree = "<group>";
		};
		CBDF79E02BAC1D4D00EC55A8 /* TVC */ = {
			isa = PBXGroup;
			children = (
			);
			path = TVC;
			sourceTree = "<group>";
		};
		CBDF79E12BAC3E7000EC55A8 /* Resources */ = {
			isa = PBXGroup;
			children = (
			);
			path = Resources;
			sourceTree = "<group>";
		};
		CBDF79E62BAC951C00EC55A8 /* TopBar */ = {
			isa = PBXGroup;
			children = (
				CBDF79F02BAC976D00EC55A8 /* NavigationBar */,
				CBDF79E72BAC957100EC55A8 /* TitleBar */,
			);
			path = TopBar;
			sourceTree = "<group>";
		};
		CBDF79E72BAC957100EC55A8 /* TitleBar */ = {
			isa = PBXGroup;
			children = (
				CBDF79EC2BAC96D900EC55A8 /* TitleBar.swift */,
				CBDF79ED2BAC96D900EC55A8 /* TitleBar.xib */,
			);
			path = TitleBar;
			sourceTree = "<group>";
		};
		CBDF79F02BAC976D00EC55A8 /* NavigationBar */ = {
			isa = PBXGroup;
			children = (
				CBDF79F12BAC977F00EC55A8 /* NavigationBar.swift */,
				CBDF79F22BAC977F00EC55A8 /* NavigationBar.xib */,
			);
			path = NavigationBar;
			sourceTree = "<group>";
		};
		CBDF79F82BAD777B00EC55A8 /* Config */ = {
			isa = PBXGroup;
			children = (
			);
			path = Config;
			sourceTree = "<group>";
		};
/* End PBXGroup section */

/* Begin PBXNativeTarget section */
		CBD47A562BAB6B1500F2D4F8 /* MovieList */ = {
			isa = PBXNativeTarget;
			buildConfigurationList = CBD47A812BAB6B1700F2D4F8 /* Build configuration list for PBXNativeTarget "MovieList" */;
			buildPhases = (
				C18BAA52884DA36DF75E1D39 /* [CP] Check Pods Manifest.lock */,
				CBD47A532BAB6B1500F2D4F8 /* Sources */,
				CBD47A542BAB6B1500F2D4F8 /* Frameworks */,
				CBD47A552BAB6B1500F2D4F8 /* Resources */,
				CBDF79F52BAD5A8600EC55A8 /* ShellScript */,
				AA851DFD36A1980D5F3D73A6 /* [CP] Embed Pods Frameworks */,
			);
			buildRules = (
			);
			dependencies = (
			);
			name = MovieList;
			productName = MovieList;
			productReference = CBD47A572BAB6B1500F2D4F8 /* MovieList.app */;
			productType = "com.apple.product-type.application";
		};
		CBD47A6C2BAB6B1700F2D4F8 /* MovieListTests */ = {
			isa = PBXNativeTarget;
			buildConfigurationList = CBD47A842BAB6B1700F2D4F8 /* Build configuration list for PBXNativeTarget "MovieListTests" */;
			buildPhases = (
				803149EE89269EE3EE1DAC48 /* [CP] Check Pods Manifest.lock */,
				CBD47A692BAB6B1700F2D4F8 /* Sources */,
				CBD47A6A2BAB6B1700F2D4F8 /* Frameworks */,
				CBD47A6B2BAB6B1700F2D4F8 /* Resources */,
			);
			buildRules = (
			);
			dependencies = (
				CBD47A6F2BAB6B1700F2D4F8 /* PBXTargetDependency */,
			);
			name = MovieListTests;
			productName = MovieListTests;
			productReference = CBD47A6D2BAB6B1700F2D4F8 /* MovieListTests.xctest */;
			productType = "com.apple.product-type.bundle.unit-test";
		};
		CBD47A762BAB6B1700F2D4F8 /* MovieListUITests */ = {
			isa = PBXNativeTarget;
			buildConfigurationList = CBD47A872BAB6B1700F2D4F8 /* Build configuration list for PBXNativeTarget "MovieListUITests" */;
			buildPhases = (
				346BB9144D1B0EF0F7C9EAEF /* [CP] Check Pods Manifest.lock */,
				CBD47A732BAB6B1700F2D4F8 /* Sources */,
				CBD47A742BAB6B1700F2D4F8 /* Frameworks */,
				CBD47A752BAB6B1700F2D4F8 /* Resources */,
				1E5506B08BF2D5EB9BA180E6 /* [CP] Embed Pods Frameworks */,
			);
			buildRules = (
			);
			dependencies = (
				CBD47A792BAB6B1700F2D4F8 /* PBXTargetDependency */,
			);
			name = MovieListUITests;
			productName = MovieListUITests;
			productReference = CBD47A772BAB6B1700F2D4F8 /* MovieListUITests.xctest */;
			productType = "com.apple.product-type.bundle.ui-testing";
		};
/* End PBXNativeTarget section */

/* Begin PBXProject section */
		CBD47A4F2BAB6B1500F2D4F8 /* Project object */ = {
			isa = PBXProject;
			attributes = {
				BuildIndependentTargetsInParallel = 1;
				LastSwiftUpdateCheck = 1530;
				LastUpgradeCheck = 1530;
				TargetAttributes = {
					CBD47A562BAB6B1500F2D4F8 = {
						CreatedOnToolsVersion = 15.3;
					};
					CBD47A6C2BAB6B1700F2D4F8 = {
						CreatedOnToolsVersion = 15.3;
						TestTargetID = CBD47A562BAB6B1500F2D4F8;
					};
					CBD47A762BAB6B1700F2D4F8 = {
						CreatedOnToolsVersion = 15.3;
						TestTargetID = CBD47A562BAB6B1500F2D4F8;
					};
				};
			};
			buildConfigurationList = CBD47A522BAB6B1500F2D4F8 /* Build configuration list for PBXProject "MovieList" */;
			compatibilityVersion = "Xcode 14.0";
			developmentRegion = en;
			hasScannedForEncodings = 0;
			knownRegions = (
				en,
				Base,
			);
			mainGroup = CBD47A4E2BAB6B1500F2D4F8;
			productRefGroup = CBD47A582BAB6B1500F2D4F8 /* Products */;
			projectDirPath = "";
			projectRoot = "";
			targets = (
				CBD47A562BAB6B1500F2D4F8 /* MovieList */,
				CBD47A6C2BAB6B1700F2D4F8 /* MovieListTests */,
				CBD47A762BAB6B1700F2D4F8 /* MovieListUITests */,
			);
		};
/* End PBXProject section */

/* Begin PBXResourcesBuildPhase section */
		CBD47A552BAB6B1500F2D4F8 /* Resources */ = {
			isa = PBXResourcesBuildPhase;
			buildActionMask = 2147483647;
			files = (
				CBDF79EE2BAC96D900EC55A8 /* TitleBar.xib in Resources */,
				CBD47A642BAB6B1600F2D4F8 /* Assets.xcassets in Resources */,
				CBD47A672BAB6B1600F2D4F8 /* Base in Resources */,
				CBDF79F32BAC977F00EC55A8 /* NavigationBar.xib in Resources */,
				CBDF79D12BAC19B700EC55A8 /* HomeMenuView.xib in Resources */,
				CBD47A622BAB6B1500F2D4F8 /* Base in Resources */,
			);
			runOnlyForDeploymentPostprocessing = 0;
		};
		CBD47A6B2BAB6B1700F2D4F8 /* Resources */ = {
			isa = PBXResourcesBuildPhase;
			buildActionMask = 2147483647;
			files = (
			);
			runOnlyForDeploymentPostprocessing = 0;
		};
		CBD47A752BAB6B1700F2D4F8 /* Resources */ = {
			isa = PBXResourcesBuildPhase;
			buildActionMask = 2147483647;
			files = (
			);
			runOnlyForDeploymentPostprocessing = 0;
		};
/* End PBXResourcesBuildPhase section */

/* Begin PBXShellScriptBuildPhase section */
		1E5506B08BF2D5EB9BA180E6 /* [CP] Embed Pods Frameworks */ = {
			isa = PBXShellScriptBuildPhase;
			buildActionMask = 2147483647;
			files = (
			);
			inputFileListPaths = (
				"${PODS_ROOT}/Target Support Files/Pods-MovieList-MovieListUITests/Pods-MovieList-MovieListUITests-frameworks-${CONFIGURATION}-input-files.xcfilelist",
			);
			name = "[CP] Embed Pods Frameworks";
			outputFileListPaths = (
				"${PODS_ROOT}/Target Support Files/Pods-MovieList-MovieListUITests/Pods-MovieList-MovieListUITests-frameworks-${CONFIGURATION}-output-files.xcfilelist",
			);
			runOnlyForDeploymentPostprocessing = 0;
			shellPath = /bin/sh;
			shellScript = "\"${PODS_ROOT}/Target Support Files/Pods-MovieList-MovieListUITests/Pods-MovieList-MovieListUITests-frameworks.sh\"\n";
			showEnvVarsInLog = 0;
		};
		346BB9144D1B0EF0F7C9EAEF /* [CP] Check Pods Manifest.lock */ = {
			isa = PBXShellScriptBuildPhase;
			buildActionMask = 2147483647;
			files = (
			);
			inputFileListPaths = (
			);
			inputPaths = (
				"${PODS_PODFILE_DIR_PATH}/Podfile.lock",
				"${PODS_ROOT}/Manifest.lock",
			);
			name = "[CP] Check Pods Manifest.lock";
			outputFileListPaths = (
			);
			outputPaths = (
				"$(DERIVED_FILE_DIR)/Pods-MovieList-MovieListUITests-checkManifestLockResult.txt",
			);
			runOnlyForDeploymentPostprocessing = 0;
			shellPath = /bin/sh;
			shellScript = "diff \"${PODS_PODFILE_DIR_PATH}/Podfile.lock\" \"${PODS_ROOT}/Manifest.lock\" > /dev/null\nif [ $? != 0 ] ; then\n    # print error to STDERR\n    echo \"error: The sandbox is not in sync with the Podfile.lock. Run 'pod install' or update your CocoaPods installation.\" >&2\n    exit 1\nfi\n# This output is used by Xcode 'outputs' to avoid re-running this script phase.\necho \"SUCCESS\" > \"${SCRIPT_OUTPUT_FILE_0}\"\n";
			showEnvVarsInLog = 0;
		};
		803149EE89269EE3EE1DAC48 /* [CP] Check Pods Manifest.lock */ = {
			isa = PBXShellScriptBuildPhase;
			buildActionMask = 2147483647;
			files = (
			);
			inputFileListPaths = (
			);
			inputPaths = (
				"${PODS_PODFILE_DIR_PATH}/Podfile.lock",
				"${PODS_ROOT}/Manifest.lock",
			);
			name = "[CP] Check Pods Manifest.lock";
			outputFileListPaths = (
			);
			outputPaths = (
				"$(DERIVED_FILE_DIR)/Pods-MovieListTests-checkManifestLockResult.txt",
			);
			runOnlyForDeploymentPostprocessing = 0;
			shellPath = /bin/sh;
			shellScript = "diff \"${PODS_PODFILE_DIR_PATH}/Podfile.lock\" \"${PODS_ROOT}/Manifest.lock\" > /dev/null\nif [ $? != 0 ] ; then\n    # print error to STDERR\n    echo \"error: The sandbox is not in sync with the Podfile.lock. Run 'pod install' or update your CocoaPods installation.\" >&2\n    exit 1\nfi\n# This output is used by Xcode 'outputs' to avoid re-running this script phase.\necho \"SUCCESS\" > \"${SCRIPT_OUTPUT_FILE_0}\"\n";
			showEnvVarsInLog = 0;
		};
		AA851DFD36A1980D5F3D73A6 /* [CP] Embed Pods Frameworks */ = {
			isa = PBXShellScriptBuildPhase;
			buildActionMask = 2147483647;
			files = (
			);
			inputFileListPaths = (
				"${PODS_ROOT}/Target Support Files/Pods-MovieList/Pods-MovieList-frameworks-${CONFIGURATION}-input-files.xcfilelist",
			);
			name = "[CP] Embed Pods Frameworks";
			outputFileListPaths = (
				"${PODS_ROOT}/Target Support Files/Pods-MovieList/Pods-MovieList-frameworks-${CONFIGURATION}-output-files.xcfilelist",
			);
			runOnlyForDeploymentPostprocessing = 0;
			shellPath = /bin/sh;
			shellScript = "\"${PODS_ROOT}/Target Support Files/Pods-MovieList/Pods-MovieList-frameworks.sh\"\n";
			showEnvVarsInLog = 0;
		};
		C18BAA52884DA36DF75E1D39 /* [CP] Check Pods Manifest.lock */ = {
			isa = PBXShellScriptBuildPhase;
			buildActionMask = 2147483647;
			files = (
			);
			inputFileListPaths = (
			);
			inputPaths = (
				"${PODS_PODFILE_DIR_PATH}/Podfile.lock",
				"${PODS_ROOT}/Manifest.lock",
			);
			name = "[CP] Check Pods Manifest.lock";
			outputFileListPaths = (
			);
			outputPaths = (
				"$(DERIVED_FILE_DIR)/Pods-MovieList-checkManifestLockResult.txt",
			);
			runOnlyForDeploymentPostprocessing = 0;
			shellPath = /bin/sh;
			shellScript = "diff \"${PODS_PODFILE_DIR_PATH}/Podfile.lock\" \"${PODS_ROOT}/Manifest.lock\" > /dev/null\nif [ $? != 0 ] ; then\n    # print error to STDERR\n    echo \"error: The sandbox is not in sync with the Podfile.lock. Run 'pod install' or update your CocoaPods installation.\" >&2\n    exit 1\nfi\n# This output is used by Xcode 'outputs' to avoid re-running this script phase.\necho \"SUCCESS\" > \"${SCRIPT_OUTPUT_FILE_0}\"\n";
			showEnvVarsInLog = 0;
		};
		CBDF79F52BAD5A8600EC55A8 /* ShellScript */ = {
			isa = PBXShellScriptBuildPhase;
			buildActionMask = 2147483647;
			files = (
			);
			inputFileListPaths = (
			);
			inputPaths = (
			);
			outputFileListPaths = (
			);
			outputPaths = (
			);
			runOnlyForDeploymentPostprocessing = 0;
			shellPath = /bin/sh;
			shellScript = "\"${PODS_ROOT}/SwiftLint/swiftlint\"\n";
		};
/* End PBXShellScriptBuildPhase section */

/* Begin PBXSourcesBuildPhase section */
		CBD47A532BAB6B1500F2D4F8 /* Sources */ = {
			isa = PBXSourcesBuildPhase;
			buildActionMask = 2147483647;
			files = (
				CBD47A5F2BAB6B1500F2D4F8 /* ViewController.swift in Sources */,
				CBD47A5B2BAB6B1500F2D4F8 /* AppDelegate.swift in Sources */,
				CBD47A5D2BAB6B1500F2D4F8 /* SceneDelegate.swift in Sources */,
				CBDF79D22BAC19B700EC55A8 /* HomeMenuPresenter.swift in Sources */,
				CBDF79F42BAC977F00EC55A8 /* NavigationBar.swift in Sources */,
				CBDF79D32BAC19B700EC55A8 /* HomeMenuRouter.swift in Sources */,
				CBDF79EF2BAC96D900EC55A8 /* TitleBar.swift in Sources */,
				CBDF79DA2BAC1BB700EC55A8 /* BaseViewController.swift in Sources */,
				CBDF79D42BAC19B700EC55A8 /* HomeMenuInteractor.swift in Sources */,
				CBDF79DE2BAC1C3000EC55A8 /* GeneralAlert.swift in Sources */,
				CBDF79D52BAC19B700EC55A8 /* HomeMenuView.swift in Sources */,
				CBDF79D72BAC19B700EC55A8 /* HomeMenuEntity.swift in Sources */,
				CBDF79E52BAC3F8300EC55A8 /* ExtString.swift in Sources */,
			);
			runOnlyForDeploymentPostprocessing = 0;
		};
		CBD47A692BAB6B1700F2D4F8 /* Sources */ = {
			isa = PBXSourcesBuildPhase;
			buildActionMask = 2147483647;
			files = (
				CBD47A722BAB6B1700F2D4F8 /* MovieListTests.swift in Sources */,
			);
			runOnlyForDeploymentPostprocessing = 0;
		};
		CBD47A732BAB6B1700F2D4F8 /* Sources */ = {
			isa = PBXSourcesBuildPhase;
			buildActionMask = 2147483647;
			files = (
				CBD47A7C2BAB6B1700F2D4F8 /* MovieListUITests.swift in Sources */,
				CBD47A7E2BAB6B1700F2D4F8 /* MovieListUITestsLaunchTests.swift in Sources */,
			);
			runOnlyForDeploymentPostprocessing = 0;
		};
/* End PBXSourcesBuildPhase section */

/* Begin PBXTargetDependency section */
		CBD47A6F2BAB6B1700F2D4F8 /* PBXTargetDependency */ = {
			isa = PBXTargetDependency;
			target = CBD47A562BAB6B1500F2D4F8 /* MovieList */;
			targetProxy = CBD47A6E2BAB6B1700F2D4F8 /* PBXContainerItemProxy */;
		};
		CBD47A792BAB6B1700F2D4F8 /* PBXTargetDependency */ = {
			isa = PBXTargetDependency;
			target = CBD47A562BAB6B1500F2D4F8 /* MovieList */;
			targetProxy = CBD47A782BAB6B1700F2D4F8 /* PBXContainerItemProxy */;
		};
/* End PBXTargetDependency section */

/* Begin PBXVariantGroup section */
		CBD47A602BAB6B1500F2D4F8 /* Main.storyboard */ = {
			isa = PBXVariantGroup;
			children = (
				CBD47A612BAB6B1500F2D4F8 /* Base */,
			);
			name = Main.storyboard;
			sourceTree = "<group>";
		};
		CBD47A652BAB6B1600F2D4F8 /* LaunchScreen.storyboard */ = {
			isa = PBXVariantGroup;
			children = (
				CBD47A662BAB6B1600F2D4F8 /* Base */,
			);
			name = LaunchScreen.storyboard;
			sourceTree = "<group>";
		};
/* End PBXVariantGroup section */

/* Begin XCBuildConfiguration section */
		CBD47A7F2BAB6B1700F2D4F8 /* Debug */ = {
			isa = XCBuildConfiguration;
			buildSettings = {
				ALWAYS_SEARCH_USER_PATHS = NO;
				ASSETCATALOG_COMPILER_GENERATE_SWIFT_ASSET_SYMBOL_EXTENSIONS = YES;
				CLANG_ANALYZER_NONNULL = YES;
				CLANG_ANALYZER_NUMBER_OBJECT_CONVERSION = YES_AGGRESSIVE;
				CLANG_CXX_LANGUAGE_STANDARD = "gnu++20";
				CLANG_ENABLE_MODULES = YES;
				CLANG_ENABLE_OBJC_ARC = YES;
				CLANG_ENABLE_OBJC_WEAK = YES;
				CLANG_WARN_BLOCK_CAPTURE_AUTORELEASING = YES;
				CLANG_WARN_BOOL_CONVERSION = YES;
				CLANG_WARN_COMMA = YES;
				CLANG_WARN_CONSTANT_CONVERSION = YES;
				CLANG_WARN_DEPRECATED_OBJC_IMPLEMENTATIONS = YES;
				CLANG_WARN_DIRECT_OBJC_ISA_USAGE = YES_ERROR;
				CLANG_WARN_DOCUMENTATION_COMMENTS = YES;
				CLANG_WARN_EMPTY_BODY = YES;
				CLANG_WARN_ENUM_CONVERSION = YES;
				CLANG_WARN_INFINITE_RECURSION = YES;
				CLANG_WARN_INT_CONVERSION = YES;
				CLANG_WARN_NON_LITERAL_NULL_CONVERSION = YES;
				CLANG_WARN_OBJC_IMPLICIT_RETAIN_SELF = YES;
				CLANG_WARN_OBJC_LITERAL_CONVERSION = YES;
				CLANG_WARN_OBJC_ROOT_CLASS = YES_ERROR;
				CLANG_WARN_QUOTED_INCLUDE_IN_FRAMEWORK_HEADER = YES;
				CLANG_WARN_RANGE_LOOP_ANALYSIS = YES;
				CLANG_WARN_STRICT_PROTOTYPES = YES;
				CLANG_WARN_SUSPICIOUS_MOVE = YES;
				CLANG_WARN_UNGUARDED_AVAILABILITY = YES_AGGRESSIVE;
				CLANG_WARN_UNREACHABLE_CODE = YES;
				CLANG_WARN__DUPLICATE_METHOD_MATCH = YES;
				COPY_PHASE_STRIP = NO;
				DEBUG_INFORMATION_FORMAT = dwarf;
				ENABLE_STRICT_OBJC_MSGSEND = YES;
				ENABLE_TESTABILITY = YES;
				ENABLE_USER_SCRIPT_SANDBOXING = NO;
				GCC_C_LANGUAGE_STANDARD = gnu17;
				GCC_DYNAMIC_NO_PIC = NO;
				GCC_NO_COMMON_BLOCKS = YES;
				GCC_OPTIMIZATION_LEVEL = 0;
				GCC_PREPROCESSOR_DEFINITIONS = (
					"DEBUG=1",
					"$(inherited)",
				);
				GCC_WARN_64_TO_32_BIT_CONVERSION = YES;
				GCC_WARN_ABOUT_RETURN_TYPE = YES_ERROR;
				GCC_WARN_UNDECLARED_SELECTOR = YES;
				GCC_WARN_UNINITIALIZED_AUTOS = YES_AGGRESSIVE;
				GCC_WARN_UNUSED_FUNCTION = YES;
				GCC_WARN_UNUSED_VARIABLE = YES;
				IPHONEOS_DEPLOYMENT_TARGET = 17.4;
				LOCALIZATION_PREFERS_STRING_CATALOGS = YES;
				MTL_ENABLE_DEBUG_INFO = INCLUDE_SOURCE;
				MTL_FAST_MATH = YES;
				ONLY_ACTIVE_ARCH = YES;
				SDKROOT = iphoneos;
				SWIFT_ACTIVE_COMPILATION_CONDITIONS = "DEBUG $(inherited)";
				SWIFT_OPTIMIZATION_LEVEL = "-Onone";
			};
			name = Debug;
		};
		CBD47A802BAB6B1700F2D4F8 /* Release */ = {
			isa = XCBuildConfiguration;
			buildSettings = {
				ALWAYS_SEARCH_USER_PATHS = NO;
				ASSETCATALOG_COMPILER_GENERATE_SWIFT_ASSET_SYMBOL_EXTENSIONS = YES;
				CLANG_ANALYZER_NONNULL = YES;
				CLANG_ANALYZER_NUMBER_OBJECT_CONVERSION = YES_AGGRESSIVE;
				CLANG_CXX_LANGUAGE_STANDARD = "gnu++20";
				CLANG_ENABLE_MODULES = YES;
				CLANG_ENABLE_OBJC_ARC = YES;
				CLANG_ENABLE_OBJC_WEAK = YES;
				CLANG_WARN_BLOCK_CAPTURE_AUTORELEASING = YES;
				CLANG_WARN_BOOL_CONVERSION = YES;
				CLANG_WARN_COMMA = YES;
				CLANG_WARN_CONSTANT_CONVERSION = YES;
				CLANG_WARN_DEPRECATED_OBJC_IMPLEMENTATIONS = YES;
				CLANG_WARN_DIRECT_OBJC_ISA_USAGE = YES_ERROR;
				CLANG_WARN_DOCUMENTATION_COMMENTS = YES;
				CLANG_WARN_EMPTY_BODY = YES;
				CLANG_WARN_ENUM_CONVERSION = YES;
				CLANG_WARN_INFINITE_RECURSION = YES;
				CLANG_WARN_INT_CONVERSION = YES;
				CLANG_WARN_NON_LITERAL_NULL_CONVERSION = YES;
				CLANG_WARN_OBJC_IMPLICIT_RETAIN_SELF = YES;
				CLANG_WARN_OBJC_LITERAL_CONVERSION = YES;
				CLANG_WARN_OBJC_ROOT_CLASS = YES_ERROR;
				CLANG_WARN_QUOTED_INCLUDE_IN_FRAMEWORK_HEADER = YES;
				CLANG_WARN_RANGE_LOOP_ANALYSIS = YES;
				CLANG_WARN_STRICT_PROTOTYPES = YES;
				CLANG_WARN_SUSPICIOUS_MOVE = YES;
				CLANG_WARN_UNGUARDED_AVAILABILITY = YES_AGGRESSIVE;
				CLANG_WARN_UNREACHABLE_CODE = YES;
				CLANG_WARN__DUPLICATE_METHOD_MATCH = YES;
				COPY_PHASE_STRIP = NO;
				DEBUG_INFORMATION_FORMAT = "dwarf-with-dsym";
				ENABLE_NS_ASSERTIONS = NO;
				ENABLE_STRICT_OBJC_MSGSEND = YES;
				ENABLE_USER_SCRIPT_SANDBOXING = NO;
				GCC_C_LANGUAGE_STANDARD = gnu17;
				GCC_NO_COMMON_BLOCKS = YES;
				GCC_WARN_64_TO_32_BIT_CONVERSION = YES;
				GCC_WARN_ABOUT_RETURN_TYPE = YES_ERROR;
				GCC_WARN_UNDECLARED_SELECTOR = YES;
				GCC_WARN_UNINITIALIZED_AUTOS = YES_AGGRESSIVE;
				GCC_WARN_UNUSED_FUNCTION = YES;
				GCC_WARN_UNUSED_VARIABLE = YES;
				IPHONEOS_DEPLOYMENT_TARGET = 17.4;
				LOCALIZATION_PREFERS_STRING_CATALOGS = YES;
				MTL_ENABLE_DEBUG_INFO = NO;
				MTL_FAST_MATH = YES;
				SDKROOT = iphoneos;
				SWIFT_COMPILATION_MODE = wholemodule;
				VALIDATE_PRODUCT = YES;
			};
			name = Release;
		};
		CBD47A822BAB6B1700F2D4F8 /* Debug */ = {
			isa = XCBuildConfiguration;
			baseConfigurationReference = B8908F21559F209A2DA51CB7 /* Pods-MovieList.debug.xcconfig */;
			buildSettings = {
				ASSETCATALOG_COMPILER_APPICON_NAME = AppIcon;
				ASSETCATALOG_COMPILER_GLOBAL_ACCENT_COLOR_NAME = AccentColor;
				CODE_SIGN_STYLE = Automatic;
				CURRENT_PROJECT_VERSION = 1;
				DEVELOPMENT_TEAM = TWC25TF563;
				GENERATE_INFOPLIST_FILE = YES;
				INFOPLIST_FILE = MovieList/Assets/Info.plist;
				INFOPLIST_KEY_UIApplicationSupportsIndirectInputEvents = YES;
				INFOPLIST_KEY_UILaunchStoryboardName = LaunchScreen;
				INFOPLIST_KEY_UIMainStoryboardFile = Main;
				INFOPLIST_KEY_UISupportedInterfaceOrientations_iPad = "UIInterfaceOrientationPortrait UIInterfaceOrientationPortraitUpsideDown UIInterfaceOrientationLandscapeLeft UIInterfaceOrientationLandscapeRight";
				INFOPLIST_KEY_UISupportedInterfaceOrientations_iPhone = "UIInterfaceOrientationPortrait UIInterfaceOrientationLandscapeLeft UIInterfaceOrientationLandscapeRight";
				IPHONEOS_DEPLOYMENT_TARGET = 13.0;
				LD_RUNPATH_SEARCH_PATHS = (
					"$(inherited)",
					"@executable_path/Frameworks",
				);
				MARKETING_VERSION = 1.0;
				PRODUCT_BUNDLE_IDENTIFIER = prizega.MovieList;
				PRODUCT_NAME = "$(TARGET_NAME)";
				SWIFT_EMIT_LOC_STRINGS = YES;
				SWIFT_VERSION = 5.0;
				TARGETED_DEVICE_FAMILY = "1,2";
			};
			name = Debug;
		};
		CBD47A832BAB6B1700F2D4F8 /* Release */ = {
			isa = XCBuildConfiguration;
			baseConfigurationReference = 840BC8AA387BD0730DB8A4A6 /* Pods-MovieList.release.xcconfig */;
			buildSettings = {
				ASSETCATALOG_COMPILER_APPICON_NAME = AppIcon;
				ASSETCATALOG_COMPILER_GLOBAL_ACCENT_COLOR_NAME = AccentColor;
				CODE_SIGN_STYLE = Automatic;
				CURRENT_PROJECT_VERSION = 1;
				DEVELOPMENT_TEAM = TWC25TF563;
				GENERATE_INFOPLIST_FILE = YES;
				INFOPLIST_FILE = MovieList/Assets/Info.plist;
				INFOPLIST_KEY_UIApplicationSupportsIndirectInputEvents = YES;
				INFOPLIST_KEY_UILaunchStoryboardName = LaunchScreen;
				INFOPLIST_KEY_UIMainStoryboardFile = Main;
				INFOPLIST_KEY_UISupportedInterfaceOrientations_iPad = "UIInterfaceOrientationPortrait UIInterfaceOrientationPortraitUpsideDown UIInterfaceOrientationLandscapeLeft UIInterfaceOrientationLandscapeRight";
				INFOPLIST_KEY_UISupportedInterfaceOrientations_iPhone = "UIInterfaceOrientationPortrait UIInterfaceOrientationLandscapeLeft UIInterfaceOrientationLandscapeRight";
				IPHONEOS_DEPLOYMENT_TARGET = 13.0;
				LD_RUNPATH_SEARCH_PATHS = (
					"$(inherited)",
					"@executable_path/Frameworks",
				);
				MARKETING_VERSION = 1.0;
				PRODUCT_BUNDLE_IDENTIFIER = prizega.MovieList;
				PRODUCT_NAME = "$(TARGET_NAME)";
				SWIFT_EMIT_LOC_STRINGS = YES;
				SWIFT_VERSION = 5.0;
				TARGETED_DEVICE_FAMILY = "1,2";
			};
			name = Release;
		};
		CBD47A852BAB6B1700F2D4F8 /* Debug */ = {
			isa = XCBuildConfiguration;
			baseConfigurationReference = BFB91E155B09CC713EB34B49 /* Pods-MovieListTests.debug.xcconfig */;
			buildSettings = {
				ALWAYS_EMBED_SWIFT_STANDARD_LIBRARIES = YES;
				BUNDLE_LOADER = "$(TEST_HOST)";
				CODE_SIGN_STYLE = Automatic;
				CURRENT_PROJECT_VERSION = 1;
				DEVELOPMENT_TEAM = TWC25TF563;
				GENERATE_INFOPLIST_FILE = YES;
				IPHONEOS_DEPLOYMENT_TARGET = 17.4;
				MARKETING_VERSION = 1.0;
				PRODUCT_BUNDLE_IDENTIFIER = prizega.MovieListTests;
				PRODUCT_NAME = "$(TARGET_NAME)";
				SWIFT_EMIT_LOC_STRINGS = NO;
				SWIFT_VERSION = 5.0;
				TARGETED_DEVICE_FAMILY = "1,2";
				TEST_HOST = "$(BUILT_PRODUCTS_DIR)/MovieList.app/$(BUNDLE_EXECUTABLE_FOLDER_PATH)/MovieList";
			};
			name = Debug;
		};
		CBD47A862BAB6B1700F2D4F8 /* Release */ = {
			isa = XCBuildConfiguration;
			baseConfigurationReference = 00C2A45AD6C4DD094B8E2CB5 /* Pods-MovieListTests.release.xcconfig */;
			buildSettings = {
				ALWAYS_EMBED_SWIFT_STANDARD_LIBRARIES = YES;
				BUNDLE_LOADER = "$(TEST_HOST)";
				CODE_SIGN_STYLE = Automatic;
				CURRENT_PROJECT_VERSION = 1;
				DEVELOPMENT_TEAM = TWC25TF563;
				GENERATE_INFOPLIST_FILE = YES;
				IPHONEOS_DEPLOYMENT_TARGET = 17.4;
				MARKETING_VERSION = 1.0;
				PRODUCT_BUNDLE_IDENTIFIER = prizega.MovieListTests;
				PRODUCT_NAME = "$(TARGET_NAME)";
				SWIFT_EMIT_LOC_STRINGS = NO;
				SWIFT_VERSION = 5.0;
				TARGETED_DEVICE_FAMILY = "1,2";
				TEST_HOST = "$(BUILT_PRODUCTS_DIR)/MovieList.app/$(BUNDLE_EXECUTABLE_FOLDER_PATH)/MovieList";
			};
			name = Release;
		};
		CBD47A882BAB6B1700F2D4F8 /* Debug */ = {
			isa = XCBuildConfiguration;
			baseConfigurationReference = 2907324DF2D1D5932913C45D /* Pods-MovieList-MovieListUITests.debug.xcconfig */;
			buildSettings = {
				ALWAYS_EMBED_SWIFT_STANDARD_LIBRARIES = YES;
				CODE_SIGN_STYLE = Automatic;
				CURRENT_PROJECT_VERSION = 1;
				DEVELOPMENT_TEAM = TWC25TF563;
				GENERATE_INFOPLIST_FILE = YES;
				MARKETING_VERSION = 1.0;
				PRODUCT_BUNDLE_IDENTIFIER = prizega.MovieListUITests;
				PRODUCT_NAME = "$(TARGET_NAME)";
				SWIFT_EMIT_LOC_STRINGS = NO;
				SWIFT_VERSION = 5.0;
				TARGETED_DEVICE_FAMILY = "1,2";
				TEST_TARGET_NAME = MovieList;
			};
			name = Debug;
		};
		CBD47A892BAB6B1700F2D4F8 /* Release */ = {
			isa = XCBuildConfiguration;
			baseConfigurationReference = 73FCE861FF465E1472026E50 /* Pods-MovieList-MovieListUITests.release.xcconfig */;
			buildSettings = {
				ALWAYS_EMBED_SWIFT_STANDARD_LIBRARIES = YES;
				CODE_SIGN_STYLE = Automatic;
				CURRENT_PROJECT_VERSION = 1;
				DEVELOPMENT_TEAM = TWC25TF563;
				GENERATE_INFOPLIST_FILE = YES;
				MARKETING_VERSION = 1.0;
				PRODUCT_BUNDLE_IDENTIFIER = prizega.MovieListUITests;
				PRODUCT_NAME = "$(TARGET_NAME)";
				SWIFT_EMIT_LOC_STRINGS = NO;
				SWIFT_VERSION = 5.0;
				TARGETED_DEVICE_FAMILY = "1,2";
				TEST_TARGET_NAME = MovieList;
			};
			name = Release;
		};
/* End XCBuildConfiguration section */

/* Begin XCConfigurationList section */
		CBD47A522BAB6B1500F2D4F8 /* Build configuration list for PBXProject "MovieList" */ = {
			isa = XCConfigurationList;
			buildConfigurations = (
				CBD47A7F2BAB6B1700F2D4F8 /* Debug */,
				CBD47A802BAB6B1700F2D4F8 /* Release */,
			);
			defaultConfigurationIsVisible = 0;
			defaultConfigurationName = Release;
		};
		CBD47A812BAB6B1700F2D4F8 /* Build configuration list for PBXNativeTarget "MovieList" */ = {
			isa = XCConfigurationList;
			buildConfigurations = (
				CBD47A822BAB6B1700F2D4F8 /* Debug */,
				CBD47A832BAB6B1700F2D4F8 /* Release */,
			);
			defaultConfigurationIsVisible = 0;
			defaultConfigurationName = Release;
		};
		CBD47A842BAB6B1700F2D4F8 /* Build configuration list for PBXNativeTarget "MovieListTests" */ = {
			isa = XCConfigurationList;
			buildConfigurations = (
				CBD47A852BAB6B1700F2D4F8 /* Debug */,
				CBD47A862BAB6B1700F2D4F8 /* Release */,
			);
			defaultConfigurationIsVisible = 0;
			defaultConfigurationName = Release;
		};
		CBD47A872BAB6B1700F2D4F8 /* Build configuration list for PBXNativeTarget "MovieListUITests" */ = {
			isa = XCConfigurationList;
			buildConfigurations = (
				CBD47A882BAB6B1700F2D4F8 /* Debug */,
				CBD47A892BAB6B1700F2D4F8 /* Release */,
			);
			defaultConfigurationIsVisible = 0;
			defaultConfigurationName = Release;
		};
/* End XCConfigurationList section */
	};
	rootObject = CBD47A4F2BAB6B1500F2D4F8 /* Project object */;
}
